
Microsoft Visual Studio Solution File, Format Version 12.00
# Visual Studio Version 17
VisualStudioVersion = 17.11.35222.181
MinimumVisualStudioVersion = 10.0.40219.1
Project("{FAE04EC0-301F-11D3-BF4B-00C04F79EFBC}") = "Product-Catalog", "Product-Catalog\Product-Catalog\Product-Catalog.csproj", "{2E61B10D-4E76-4C94-8575-0CAE7F5D0980}"
EndProject
Project("{FAE04EC0-301F-11D3-BF4B-00C04F79EFBC}") = "Product-Catalog.Client", "Product-Catalog\Product-Catalog.Client\Product-Catalog.Client.csproj", "{CBDD659B-B434-42CC-B245-DA3BB58DCE80}"
EndProject
Global
	GlobalSection(SolutionConfigurationPlatforms) = preSolution
		Debug|Any CPU = Debug|Any CPU
		Release|Any CPU = Release|Any CPU
	EndGlobalSection
	GlobalSection(ProjectConfigurationPlatforms) = postSolution
		{2E61B10D-4E76-4C94-8575-0CAE7F5D0980}.Debug|Any CPU.ActiveCfg = Debug|Any CPU
		{2E61B10D-4E76-4C94-8575-0CAE7F5D0980}.Debug|Any CPU.Build.0 = Debug|Any CPU
		{2E61B10D-4E76-4C94-8575-0CAE7F5D0980}.Release|Any CPU.ActiveCfg = Release|Any CPU
		{2E61B10D-4E76-4C94-8575-0CAE7F5D0980}.Release|Any CPU.Build.0 = Release|Any CPU
		{CBDD659B-B434-42CC-B245-DA3BB58DCE80}.Debug|Any CPU.ActiveCfg = Debug|Any CPU
		{CBDD659B-B434-42CC-B245-DA3BB58DCE80}.Debug|Any CPU.Build.0 = Debug|Any CPU
		{CBDD659B-B434-42CC-B245-DA3BB58DCE80}.Release|Any CPU.ActiveCfg = Release|Any CPU
		{CBDD659B-B434-42CC-B245-DA3BB58DCE80}.Release|Any CPU.Build.0 = Release|Any CPU
	EndGlobalSection
	GlobalSection(SolutionProperties) = preSolution
		HideSolutionNode = FALSE
	EndGlobalSection
	GlobalSection(ExtensibilityGlobals) = postSolution
		SolutionGuid = {AC31127F-BE94-447D-A587-A4C2F7F01CF8}
	EndGlobalSection
EndGlobal
